
Microsoft Visual Studio Solution File, Format Version 12.00
# Visual Studio Version 17
VisualStudioVersion = 17.0.31912.275
MinimumVisualStudioVersion = 10.0.40219.1
Project("{9A19103F-16F7-4668-BE54-9A1E7A4F7556}") = "Esercitazione_4Settimana.GestionaleSpese", "Esercitazione_3Settimana.Spese\Esercitazione_4Settimana.GestionaleSpese.csproj", "{24E710A1-4E2F-4CD0-AFFE-1E83F189901C}"
EndProject
Global
	GlobalSection(SolutionConfigurationPlatforms) = preSolution
		Debug|Any CPU = Debug|Any CPU
		Release|Any CPU = Release|Any CPU
	EndGlobalSection
	GlobalSection(ProjectConfigurationPlatforms) = postSolution
		{24E710A1-4E2F-4CD0-AFFE-1E83F189901C}.Debug|Any CPU.ActiveCfg = Debug|Any CPU
		{24E710A1-4E2F-4CD0-AFFE-1E83F189901C}.Debug|Any CPU.Build.0 = Debug|Any CPU
		{24E710A1-4E2F-4CD0-AFFE-1E83F189901C}.Release|Any CPU.ActiveCfg = Release|Any CPU
		{24E710A1-4E2F-4CD0-AFFE-1E83F189901C}.Release|Any CPU.Build.0 = Release|Any CPU
	EndGlobalSection
	GlobalSection(SolutionProperties) = preSolution
		HideSolutionNode = FALSE
	EndGlobalSection
	GlobalSection(ExtensibilityGlobals) = postSolution
		SolutionGuid = {56C21826-C766-4B39-BBF1-FB3D26C0BA5D}
	EndGlobalSection
EndGlobal
